<?xml version="1.0" encoding="utf-8"?>
<Project ToolsVersion="4.0" xmlns="http://schemas.microsoft.com/developer/msbuild/2003">
  <ItemGroup>
    <Filter Include="Source Files">
      <UniqueIdentifier>{4FC737F1-C7A5-4376-A066-2A32D752A2FF}</UniqueIdentifier>
      <Extensions>cpp;c;cc;cxx;def;odl;idl;hpj;bat;asm;asmx</Extensions>
    </Filter>
    <Filter Include="Header Files">
      <UniqueIdentifier>{93995380-89BD-4b04-88EB-625FBE52EBFB}</UniqueIdentifier>
      <Extensions>h;hh;hpp;hxx;hm;inl;inc;ipp;xsd</Extensions>
    </Filter>
    <Filter Include="Resource Files">
      <UniqueIdentifier>{67DA6AB6-F800-4c08-8B7A-83BB121AAD01}</UniqueIdentifier>
      <Extensions>rc;ico;cur;bmp;dlg;rc2;rct;bin;rgs;gif;jpg;jpeg;jpe;resx;tiff;tif;png;wav;mfcribbon-ms</Extensions>
    </Filter>
    <Filter Include="Header Files\Beatmap">
      <UniqueIdentifier>{9812c08e-68a7-45f0-b82e-c6e6e005dee6}</UniqueIdentifier>
    </Filter>
    <Filter Include="Header Files\Utility">
      <UniqueIdentifier>{a0c224a5-8032-4f1e-91c6-f6042b10988a}</UniqueIdentifier>
    </Filter>
    <Filter Include="Header Files\Overlay">
      <UniqueIdentifier>{72ff8825-206b-43a0-b7f9-aaba58e13baf}</UniqueIdentifier>
    </Filter>
    <Filter Include="Header Files\Audio">
      <UniqueIdentifier>{6d876899-6206-41cf-ad2a-b3becf214c79}</UniqueIdentifier>
    </Filter>
    <Filter Include="Header Files\Object">
      <UniqueIdentifier>{e43ec74a-c3f4-47f1-b652-7a3859b2a413}</UniqueIdentifier>
    </Filter>
    <Filter Include="Header Files\Object\Animate">
      <UniqueIdentifier>{2917378c-f4c4-4ffb-b19c-ccd24004a25e}</UniqueIdentifier>
    </Filter>
    <Filter Include="Header Files\Skin">
      <UniqueIdentifier>{a8a4739b-12dd-4949-8087-51b681ab5024}</UniqueIdentifier>
    </Filter>
    <Filter Include="Header Files\UI">
      <UniqueIdentifier>{3b2563bd-9b7c-4538-ae4d-841debd96977}</UniqueIdentifier>
    </Filter>
    <Filter Include="Header Files\DB">
      <UniqueIdentifier>{1adfd02f-af69-417c-a6a7-ee06b8889fd2}</UniqueIdentifier>
    </Filter>
    <Filter Include="Header Files\UI\Select">
      <UniqueIdentifier>{a730f5b1-dfe3-4b19-a3f9-8ec2db582e00}</UniqueIdentifier>
    </Filter>
  </ItemGroup>
  <ItemGroup>
    <ClCompile Include="main.cpp">
      <Filter>Source Files</Filter>
    </ClCompile>
    <ClCompile Include="Beatmap\Beatmap.cpp">
      <Filter>Source Files</Filter>
    </ClCompile>
    <ClCompile Include="Object\Animate\Animate.cpp">
      <Filter>Source Files</Filter>
    </ClCompile>
    <ClCompile Include="Object\Animate\Easing.cpp">
      <Filter>Source Files</Filter>
    </ClCompile>
    <ClCompile Include="old--temp.cpp">
      <Filter>Source Files</Filter>
    </ClCompile>
    <ClCompile Include="Library\clipper_ver6.4.2\cpp\clipper.cpp">
      <Filter>Source Files</Filter>
    </ClCompile>
    <ClCompile Include="Object\Container.cpp">
      <Filter>Source Files</Filter>
    </ClCompile>
  </ItemGroup>
  <ItemGroup>
    <ClInclude Include="Beatmap\Beatmap.h">
      <Filter>Header Files\Beatmap</Filter>
    </ClInclude>
    <ClInclude Include="Utility\string.h">
      <Filter>Header Files\Utility</Filter>
    </ClInclude>
    <ClInclude Include="Utility\BezierApproximator.h">
      <Filter>Header Files\Utility</Filter>
    </ClInclude>
    <ClInclude Include="Utility\CircularArc.h">
      <Filter>Header Files\Utility</Filter>
    </ClInclude>
    <ClInclude Include="Utility\lineThinkness.h">
      <Filter>Header Files\Utility</Filter>
    </ClInclude>
    <ClInclude Include="Overlay\hitwindows.h">
      <Filter>Header Files\Overlay</Filter>
    </ClInclude>
    <ClInclude Include="Audio\hitsound.h">
      <Filter>Header Files\Audio</Filter>
    </ClInclude>
    <ClInclude Include="Utility\file.h">
      <Filter>Header Files\Utility</Filter>
    </ClInclude>
    <ClInclude Include="Object\Animate\Easing.h">
      <Filter>Header Files\Object\Animate</Filter>
    </ClInclude>
    <ClInclude Include="Object\Animate\Animate.h">
      <Filter>Header Files\Object\Animate</Filter>
    </ClInclude>
    <ClInclude Include="Skin\Skin.h">
      <Filter>Header Files\Skin</Filter>
    </ClInclude>
    <ClInclude Include="Object\Cursor.h">
      <Filter>Header Files\Object</Filter>
    </ClInclude>
    <ClInclude Include="UI\Playfield.h">
      <Filter>Header Files\UI</Filter>
    </ClInclude>
    <ClInclude Include="Object\Circle.h">
      <Filter>Header Files\Object</Filter>
    </ClInclude>
    <ClInclude Include="Object\Container.h">
      <Filter>Header Files\Object</Filter>
    </ClInclude>
    <ClInclude Include="UI\testZone.h">
      <Filter>Header Files\UI</Filter>
    </ClInclude>
    <ClInclude Include="Object\Pieces.h">
      <Filter>Header Files\Object</Filter>
    </ClInclude>
    <ClInclude Include="Object\Slider.h">
      <Filter>Header Files\Object</Filter>
    </ClInclude>
    <ClInclude Include="DB\DB.h">
      <Filter>Header Files\DB</Filter>
    </ClInclude>
    <ClInclude Include="DB\beatmap.h">
      <Filter>Header Files\DB</Filter>
    </ClInclude>
    <ClInclude Include="resource.h">
      <Filter>Header Files</Filter>
    </ClInclude>
    <ClInclude Include="UI\UI.h">
      <Filter>Header Files\UI</Filter>
    </ClInclude>
    <ClInclude Include="UI\Select.h">
      <Filter>Header Files\UI</Filter>
    </ClInclude>
    <ClInclude Include="UI\Select\selectSong.h">
      <Filter>Header Files\UI\Select</Filter>
    </ClInclude>
  </ItemGroup>
  <ItemGroup>
    <ResourceCompile Include="Resource.rc">
      <Filter>Resource Files</Filter>
    </ResourceCompile>
  </ItemGroup>
  <ItemGroup>
    <Image Include="icon1.ico">
      <Filter>Resource Files</Filter>
    </Image>
  </ItemGroup>
</Project>